<?xml version="1.0" encoding="utf-8"?>
<Project ToolsVersion="4.0" xmlns="http://schemas.microsoft.com/developer/msbuild/2003">
  <ItemGroup>
    <Filter Include="源文件">
      <UniqueIdentifier>{4FC737F1-C7A5-4376-A066-2A32D752A2FF}</UniqueIdentifier>
      <Extensions>cpp;c;cc;cxx;def;odl;idl;hpj;bat;asm;asmx</Extensions>
    </Filter>
    <Filter Include="头文件">
      <UniqueIdentifier>{93995380-89BD-4b04-88EB-625FBE52EBFB}</UniqueIdentifier>
      <Extensions>h;hh;hpp;hxx;hm;inl;inc;ipp;xsd</Extensions>
    </Filter>
    <Filter Include="资源文件">
      <UniqueIdentifier>{67DA6AB6-F800-4c08-8B7A-83BB121AAD01}</UniqueIdentifier>
      <Extensions>rc;ico;cur;bmp;dlg;rc2;rct;bin;rgs;gif;jpg;jpeg;jpe;resx;tiff;tif;png;wav;mfcribbon-ms</Extensions>
    </Filter>
    <Filter Include="头文件\飞行算法族">
      <UniqueIdentifier>{ced4b079-bc10-4107-96f1-d5f1b6bdf062}</UniqueIdentifier>
    </Filter>
    <Filter Include="头文件\鸭子集合">
      <UniqueIdentifier>{e651f81f-eac5-44d3-b541-695b81fc518c}</UniqueIdentifier>
    </Filter>
    <Filter Include="头文件\呱呱叫算法族">
      <UniqueIdentifier>{1e727261-621d-4a80-8536-7a9792c60c2b}</UniqueIdentifier>
    </Filter>
    <Filter Include="源文件\鸭子集合">
      <UniqueIdentifier>{85eb7076-ca46-4c38-95a8-81e349d23089}</UniqueIdentifier>
    </Filter>
    <Filter Include="源文件\飞行算法族">
      <UniqueIdentifier>{86b57e77-3192-4306-86c2-33e7e49f67a9}</UniqueIdentifier>
    </Filter>
    <Filter Include="源文件\呱呱叫算法族">
      <UniqueIdentifier>{c773656b-3148-4516-969d-32ecde2e3a73}</UniqueIdentifier>
    </Filter>
  </ItemGroup>
  <ItemGroup>
    <ClCompile Include="main.cpp">
      <Filter>源文件</Filter>
    </ClCompile>
    <ClCompile Include="Duck.cpp">
      <Filter>源文件\鸭子集合</Filter>
    </ClCompile>
    <ClCompile Include="FlyBehavior.cpp">
      <Filter>源文件\飞行算法族</Filter>
    </ClCompile>
    <ClCompile Include="MuteQuack.cpp">
      <Filter>源文件\呱呱叫算法族</Filter>
    </ClCompile>
    <ClCompile Include="Quack.cpp">
      <Filter>源文件\呱呱叫算法族</Filter>
    </ClCompile>
    <ClCompile Include="QuackBehavior.cpp">
      <Filter>源文件\呱呱叫算法族</Filter>
    </ClCompile>
    <ClCompile Include="Squeak.cpp">
      <Filter>源文件\呱呱叫算法族</Filter>
    </ClCompile>
    <ClCompile Include="RedheadDuck.cpp">
      <Filter>源文件\鸭子集合</Filter>
    </ClCompile>
    <ClCompile Include="FlyNoWay.cpp">
      <Filter>源文件\飞行算法族</Filter>
    </ClCompile>
    <ClCompile Include="FlyWithWings.cpp">
      <Filter>源文件\飞行算法族</Filter>
    </ClCompile>
  </ItemGroup>
  <ItemGroup>
    <ClInclude Include="Duck.h">
      <Filter>头文件\鸭子集合</Filter>
    </ClInclude>
    <ClInclude Include="FlyBehavior.h">
      <Filter>头文件\飞行算法族</Filter>
    </ClInclude>
    <ClInclude Include="MuteQuack.h">
      <Filter>头文件\呱呱叫算法族</Filter>
    </ClInclude>
    <ClInclude Include="QuackBehavior.h">
      <Filter>头文件\呱呱叫算法族</Filter>
    </ClInclude>
    <ClInclude Include="Quack.h">
      <Filter>头文件\呱呱叫算法族</Filter>
    </ClInclude>
    <ClInclude Include="Squeak.h">
      <Filter>头文件\呱呱叫算法族</Filter>
    </ClInclude>
    <ClInclude Include="RedheadDuck.h">
      <Filter>头文件\鸭子集合</Filter>
    </ClInclude>
    <ClInclude Include="FlyNoWay.h">
      <Filter>头文件\飞行算法族</Filter>
    </ClInclude>
    <ClInclude Include="FlyWithWings.h">
      <Filter>头文件\飞行算法族</Filter>
    </ClInclude>
    <ClInclude Include="FlyAlgorithm.h">
      <Filter>头文件\飞行算法族</Filter>
    </ClInclude>
    <ClInclude Include="QuackAlgorithm.h">
      <Filter>头文件\呱呱叫算法族</Filter>
    </ClInclude>
  </ItemGroup>
</Project>