<?xml version="1.0" encoding="utf-8"?>
<Project ToolsVersion="4.0" xmlns="http://schemas.microsoft.com/developer/msbuild/2003">
  <ItemGroup>
    <Filter Include="源文件">
      <UniqueIdentifier>{4FC737F1-C7A5-4376-A066-2A32D752A2FF}</UniqueIdentifier>
      <Extensions>cpp;c;cc;cxx;def;odl;idl;hpj;bat;asm;asmx</Extensions>
    </Filter>
    <Filter Include="头文件">
      <UniqueIdentifier>{93995380-89BD-4b04-88EB-625FBE52EBFB}</UniqueIdentifier>
      <Extensions>h;hh;hpp;hxx;hm;inl;inc;ipp;xsd</Extensions>
    </Filter>
    <Filter Include="资源文件">
      <UniqueIdentifier>{67DA6AB6-F800-4c08-8B7A-83BB121AAD01}</UniqueIdentifier>
      <Extensions>rc;ico;cur;bmp;dlg;rc2;rct;bin;rgs;gif;jpg;jpeg;jpe;resx;tiff;tif;png;wav;mfcribbon-ms</Extensions>
    </Filter>
    <Filter Include="头文件\饮料">
      <UniqueIdentifier>{362a0b08-8c17-44d1-9b44-b83105a50897}</UniqueIdentifier>
    </Filter>
    <Filter Include="头文件\调料">
      <UniqueIdentifier>{15ed2b56-1727-4333-878f-bbbde92d6aa7}</UniqueIdentifier>
    </Filter>
    <Filter Include="源文件\饮料">
      <UniqueIdentifier>{fd3f1561-6093-4f38-ab9f-7d90b8ec209e}</UniqueIdentifier>
    </Filter>
    <Filter Include="源文件\调料">
      <UniqueIdentifier>{546d1ab4-adac-4916-94c6-1d6b29e494b1}</UniqueIdentifier>
    </Filter>
  </ItemGroup>
  <ItemGroup>
    <ClCompile Include="mian.cpp">
      <Filter>源文件</Filter>
    </ClCompile>
    <ClCompile Include="Beverage.cpp">
      <Filter>源文件\饮料</Filter>
    </ClCompile>
    <ClCompile Include="DarkRoast.cpp">
      <Filter>源文件\饮料</Filter>
    </ClCompile>
    <ClCompile Include="HouseBlend.cpp">
      <Filter>源文件\饮料</Filter>
    </ClCompile>
    <ClCompile Include="CondimentDecorator.cpp">
      <Filter>源文件\调料</Filter>
    </ClCompile>
    <ClCompile Include="Milk.cpp">
      <Filter>源文件\调料</Filter>
    </ClCompile>
    <ClCompile Include="Mocha.cpp">
      <Filter>源文件\调料</Filter>
    </ClCompile>
    <ClCompile Include="Soy.cpp">
      <Filter>源文件\调料</Filter>
    </ClCompile>
  </ItemGroup>
  <ItemGroup>
    <ClInclude Include="Beverage.h">
      <Filter>头文件\饮料</Filter>
    </ClInclude>
    <ClInclude Include="HouseBlend.h">
      <Filter>头文件\饮料</Filter>
    </ClInclude>
    <ClInclude Include="DarkRoast.h">
      <Filter>头文件\饮料</Filter>
    </ClInclude>
    <ClInclude Include="CondimentDecorator.h">
      <Filter>头文件\调料</Filter>
    </ClInclude>
    <ClInclude Include="Milk.h">
      <Filter>头文件\调料</Filter>
    </ClInclude>
    <ClInclude Include="Mocha.h">
      <Filter>头文件\调料</Filter>
    </ClInclude>
    <ClInclude Include="Soy.h">
      <Filter>头文件\调料</Filter>
    </ClInclude>
    <ClInclude Include="Condiments.h">
      <Filter>头文件\调料</Filter>
    </ClInclude>
    <ClInclude Include="Beverages.h">
      <Filter>头文件\饮料</Filter>
    </ClInclude>
  </ItemGroup>
</Project>